{
  "requires": true,
  "lockfileVersion": 1,
  "dependencies": {
    "nodemailer": {
      "version": "6.6.5",
      "resolved": "https://registry.npmjs.org/nodemailer/-/nodemailer-6.6.5.tgz",
      "integrity": "sha512-C/v856DBijUzHcHIgGpQoTrfsH3suKIRAGliIzCstatM2cAa+MYX3LuyCrABiO/cdJTxgBBHXxV1ztiqUwst5A=="
    },
    "otp-generator": {
      "version": "2.0.1",
      "resolved": "https://registry.npmjs.org/otp-generator/-/otp-generator-2.0.1.tgz",
      "integrity": "sha512-NqeZDT3DW1ajeS6I0qRJcjvrvTHMkS/bAbmS1KoeWx0t8exuZEva01cRAOheolNZa7IUV86Wl/0msB07eq5Spg=="
    }
  }
}
